
Microsoft Visual Studio Solution File, Format Version 12.00
# Visual Studio Version 17
VisualStudioVersion = 17.0.31903.59
MinimumVisualStudioVersion = 10.0.40219.1
Project("{2150E333-8FDC-42A3-9474-1A3956D46DE8}") = "src", "src", "{827E0CD3-B72D-47B6-A68D-7590B98EB39B}"
EndProject
Project("{FAE04EC0-301F-11D3-BF4B-00C04F79EFBC}") = "Vermundo.Api", "src\Vermundo.Api\Vermundo.Api.csproj", "{A3D51CDE-63A5-4AE3-9740-14AA17B4F8D0}"
EndProject
Project("{FAE04EC0-301F-11D3-BF4B-00C04F79EFBC}") = "Vermundo.Application", "src\Vermundo.Application\Vermundo.Application.csproj", "{EF77E6CD-21B3-4BE7-BB95-DA4D35C403D9}"
EndProject
Project("{FAE04EC0-301F-11D3-BF4B-00C04F79EFBC}") = "Vermundo.Domain", "src\Vermundo.Domain\Vermundo.Domain.csproj", "{7579B100-FE84-4EF2-AFCE-80199FE9B293}"
EndProject
Project("{FAE04EC0-301F-11D3-BF4B-00C04F79EFBC}") = "Vermundo.Infrastructure", "src\Vermundo.Infrastructure\Vermundo.Infrastructure.csproj", "{D6744B19-9F76-4B32-AD03-F66E38AC4049}"
EndProject
Project("{2150E333-8FDC-42A3-9474-1A3956D46DE8}") = "test", "test", "{0C88DD14-F956-CE84-757C-A364CCF449FC}"
EndProject
Project("{FAE04EC0-301F-11D3-BF4B-00C04F79EFBC}") = "Vermundo.Api.FunctionalTests", "test\Vermundo.Api.FunctionalTests\Vermundo.Api.FunctionalTests.csproj", "{F202263E-9904-48D6-A4B3-5DC011937E95}"
EndProject
Project("{FAE04EC0-301F-11D3-BF4B-00C04F79EFBC}") = "Vermundo.Application.IntegrationTests", "test\Vermundo.Application.IntegrationTests\Vermundo.Application.IntegrationTests.csproj", "{C4174C4E-5440-4C92-B5B1-6C0256A49D5F}"
EndProject
Project("{FAE04EC0-301F-11D3-BF4B-00C04F79EFBC}") = "Vermundo.Application.UnitTests", "test\Vermundo.Application.UnitTests\Vermundo.Application.UnitTests.csproj", "{0532097C-F704-4983-A0F7-14878489DD30}"
EndProject
Project("{FAE04EC0-301F-11D3-BF4B-00C04F79EFBC}") = "Vermundo.ArchitectureTests", "test\Vermundo.ArchitectureTests\Vermundo.ArchitectureTests.csproj", "{BBEA4F4F-F605-49CE-8016-E2CBB73C286F}"
EndProject
Project("{FAE04EC0-301F-11D3-BF4B-00C04F79EFBC}") = "Vermundo.Domain.UnitTests", "test\Vermundo.Domain.UnitTests\Vermundo.Domain.UnitTests.csproj", "{E3E3E5D8-1F3E-4B9E-AF31-9982859F3DEB}"
EndProject
Project("{FAE04EC0-301F-11D3-BF4B-00C04F79EFBC}") = "Vermundo.TestUtils", "test\Vermundo.TestUtils\Vermundo.TestUtils.csproj", "{B8DD2951-DCFF-42FF-B206-9AFA69134790}"
EndProject
Project("{2150E333-8FDC-42A3-9474-1A3956D46DE8}") = "Solution Items", "Solution Items", "{02EA681E-C7D8-13C7-8484-4AC65E1B71E8}"
	ProjectSection(SolutionItems) = preProject
		.editorconfig = .editorconfig
	EndProjectSection
EndProject
Global
	GlobalSection(SolutionConfigurationPlatforms) = preSolution
		Debug|Any CPU = Debug|Any CPU
		Debug|x64 = Debug|x64
		Debug|x86 = Debug|x86
		Release|Any CPU = Release|Any CPU
		Release|x64 = Release|x64
		Release|x86 = Release|x86
	EndGlobalSection
	GlobalSection(ProjectConfigurationPlatforms) = postSolution
		{A3D51CDE-63A5-4AE3-9740-14AA17B4F8D0}.Debug|Any CPU.ActiveCfg = Debug|Any CPU
		{A3D51CDE-63A5-4AE3-9740-14AA17B4F8D0}.Debug|Any CPU.Build.0 = Debug|Any CPU
		{A3D51CDE-63A5-4AE3-9740-14AA17B4F8D0}.Debug|x64.ActiveCfg = Debug|Any CPU
		{A3D51CDE-63A5-4AE3-9740-14AA17B4F8D0}.Debug|x64.Build.0 = Debug|Any CPU
		{A3D51CDE-63A5-4AE3-9740-14AA17B4F8D0}.Debug|x86.ActiveCfg = Debug|Any CPU
		{A3D51CDE-63A5-4AE3-9740-14AA17B4F8D0}.Debug|x86.Build.0 = Debug|Any CPU
		{A3D51CDE-63A5-4AE3-9740-14AA17B4F8D0}.Release|Any CPU.ActiveCfg = Release|Any CPU
		{A3D51CDE-63A5-4AE3-9740-14AA17B4F8D0}.Release|Any CPU.Build.0 = Release|Any CPU
		{A3D51CDE-63A5-4AE3-9740-14AA17B4F8D0}.Release|x64.ActiveCfg = Release|Any CPU
		{A3D51CDE-63A5-4AE3-9740-14AA17B4F8D0}.Release|x64.Build.0 = Release|Any CPU
		{A3D51CDE-63A5-4AE3-9740-14AA17B4F8D0}.Release|x86.ActiveCfg = Release|Any CPU
		{A3D51CDE-63A5-4AE3-9740-14AA17B4F8D0}.Release|x86.Build.0 = Release|Any CPU
		{EF77E6CD-21B3-4BE7-BB95-DA4D35C403D9}.Debug|Any CPU.ActiveCfg = Debug|Any CPU
		{EF77E6CD-21B3-4BE7-BB95-DA4D35C403D9}.Debug|Any CPU.Build.0 = Debug|Any CPU
		{EF77E6CD-21B3-4BE7-BB95-DA4D35C403D9}.Debug|x64.ActiveCfg = Debug|Any CPU
		{EF77E6CD-21B3-4BE7-BB95-DA4D35C403D9}.Debug|x64.Build.0 = Debug|Any CPU
		{EF77E6CD-21B3-4BE7-BB95-DA4D35C403D9}.Debug|x86.ActiveCfg = Debug|Any CPU
		{EF77E6CD-21B3-4BE7-BB95-DA4D35C403D9}.Debug|x86.Build.0 = Debug|Any CPU
		{EF77E6CD-21B3-4BE7-BB95-DA4D35C403D9}.Release|Any CPU.ActiveCfg = Release|Any CPU
		{EF77E6CD-21B3-4BE7-BB95-DA4D35C403D9}.Release|Any CPU.Build.0 = Release|Any CPU
		{EF77E6CD-21B3-4BE7-BB95-DA4D35C403D9}.Release|x64.ActiveCfg = Release|Any CPU
		{EF77E6CD-21B3-4BE7-BB95-DA4D35C403D9}.Release|x64.Build.0 = Release|Any CPU
		{EF77E6CD-21B3-4BE7-BB95-DA4D35C403D9}.Release|x86.ActiveCfg = Release|Any CPU
		{EF77E6CD-21B3-4BE7-BB95-DA4D35C403D9}.Release|x86.Build.0 = Release|Any CPU
		{7579B100-FE84-4EF2-AFCE-80199FE9B293}.Debug|Any CPU.ActiveCfg = Debug|Any CPU
		{7579B100-FE84-4EF2-AFCE-80199FE9B293}.Debug|Any CPU.Build.0 = Debug|Any CPU
		{7579B100-FE84-4EF2-AFCE-80199FE9B293}.Debug|x64.ActiveCfg = Debug|Any CPU
		{7579B100-FE84-4EF2-AFCE-80199FE9B293}.Debug|x64.Build.0 = Debug|Any CPU
		{7579B100-FE84-4EF2-AFCE-80199FE9B293}.Debug|x86.ActiveCfg = Debug|Any CPU
		{7579B100-FE84-4EF2-AFCE-80199FE9B293}.Debug|x86.Build.0 = Debug|Any CPU
		{7579B100-FE84-4EF2-AFCE-80199FE9B293}.Release|Any CPU.ActiveCfg = Release|Any CPU
		{7579B100-FE84-4EF2-AFCE-80199FE9B293}.Release|Any CPU.Build.0 = Release|Any CPU
		{7579B100-FE84-4EF2-AFCE-80199FE9B293}.Release|x64.ActiveCfg = Release|Any CPU
		{7579B100-FE84-4EF2-AFCE-80199FE9B293}.Release|x64.Build.0 = Release|Any CPU
		{7579B100-FE84-4EF2-AFCE-80199FE9B293}.Release|x86.ActiveCfg = Release|Any CPU
		{7579B100-FE84-4EF2-AFCE-80199FE9B293}.Release|x86.Build.0 = Release|Any CPU
		{D6744B19-9F76-4B32-AD03-F66E38AC4049}.Debug|Any CPU.ActiveCfg = Debug|Any CPU
		{D6744B19-9F76-4B32-AD03-F66E38AC4049}.Debug|Any CPU.Build.0 = Debug|Any CPU
		{D6744B19-9F76-4B32-AD03-F66E38AC4049}.Debug|x64.ActiveCfg = Debug|Any CPU
		{D6744B19-9F76-4B32-AD03-F66E38AC4049}.Debug|x64.Build.0 = Debug|Any CPU
		{D6744B19-9F76-4B32-AD03-F66E38AC4049}.Debug|x86.ActiveCfg = Debug|Any CPU
		{D6744B19-9F76-4B32-AD03-F66E38AC4049}.Debug|x86.Build.0 = Debug|Any CPU
		{D6744B19-9F76-4B32-AD03-F66E38AC4049}.Release|Any CPU.ActiveCfg = Release|Any CPU
		{D6744B19-9F76-4B32-AD03-F66E38AC4049}.Release|Any CPU.Build.0 = Release|Any CPU
		{D6744B19-9F76-4B32-AD03-F66E38AC4049}.Release|x64.ActiveCfg = Release|Any CPU
		{D6744B19-9F76-4B32-AD03-F66E38AC4049}.Release|x64.Build.0 = Release|Any CPU
		{D6744B19-9F76-4B32-AD03-F66E38AC4049}.Release|x86.ActiveCfg = Release|Any CPU
		{D6744B19-9F76-4B32-AD03-F66E38AC4049}.Release|x86.Build.0 = Release|Any CPU
		{F202263E-9904-48D6-A4B3-5DC011937E95}.Debug|Any CPU.ActiveCfg = Debug|Any CPU
		{F202263E-9904-48D6-A4B3-5DC011937E95}.Debug|Any CPU.Build.0 = Debug|Any CPU
		{F202263E-9904-48D6-A4B3-5DC011937E95}.Debug|x64.ActiveCfg = Debug|Any CPU
		{F202263E-9904-48D6-A4B3-5DC011937E95}.Debug|x64.Build.0 = Debug|Any CPU
		{F202263E-9904-48D6-A4B3-5DC011937E95}.Debug|x86.ActiveCfg = Debug|Any CPU
		{F202263E-9904-48D6-A4B3-5DC011937E95}.Debug|x86.Build.0 = Debug|Any CPU
		{F202263E-9904-48D6-A4B3-5DC011937E95}.Release|Any CPU.ActiveCfg = Release|Any CPU
		{F202263E-9904-48D6-A4B3-5DC011937E95}.Release|Any CPU.Build.0 = Release|Any CPU
		{F202263E-9904-48D6-A4B3-5DC011937E95}.Release|x64.ActiveCfg = Release|Any CPU
		{F202263E-9904-48D6-A4B3-5DC011937E95}.Release|x64.Build.0 = Release|Any CPU
		{F202263E-9904-48D6-A4B3-5DC011937E95}.Release|x86.ActiveCfg = Release|Any CPU
		{F202263E-9904-48D6-A4B3-5DC011937E95}.Release|x86.Build.0 = Release|Any CPU
		{C4174C4E-5440-4C92-B5B1-6C0256A49D5F}.Debug|Any CPU.ActiveCfg = Debug|Any CPU
		{C4174C4E-5440-4C92-B5B1-6C0256A49D5F}.Debug|Any CPU.Build.0 = Debug|Any CPU
		{C4174C4E-5440-4C92-B5B1-6C0256A49D5F}.Debug|x64.ActiveCfg = Debug|Any CPU
		{C4174C4E-5440-4C92-B5B1-6C0256A49D5F}.Debug|x64.Build.0 = Debug|Any CPU
		{C4174C4E-5440-4C92-B5B1-6C0256A49D5F}.Debug|x86.ActiveCfg = Debug|Any CPU
		{C4174C4E-5440-4C92-B5B1-6C0256A49D5F}.Debug|x86.Build.0 = Debug|Any CPU
		{C4174C4E-5440-4C92-B5B1-6C0256A49D5F}.Release|Any CPU.ActiveCfg = Release|Any CPU
		{C4174C4E-5440-4C92-B5B1-6C0256A49D5F}.Release|Any CPU.Build.0 = Release|Any CPU
		{C4174C4E-5440-4C92-B5B1-6C0256A49D5F}.Release|x64.ActiveCfg = Release|Any CPU
		{C4174C4E-5440-4C92-B5B1-6C0256A49D5F}.Release|x64.Build.0 = Release|Any CPU
		{C4174C4E-5440-4C92-B5B1-6C0256A49D5F}.Release|x86.ActiveCfg = Release|Any CPU
		{C4174C4E-5440-4C92-B5B1-6C0256A49D5F}.Release|x86.Build.0 = Release|Any CPU
		{0532097C-F704-4983-A0F7-14878489DD30}.Debug|Any CPU.ActiveCfg = Debug|Any CPU
		{0532097C-F704-4983-A0F7-14878489DD30}.Debug|Any CPU.Build.0 = Debug|Any CPU
		{0532097C-F704-4983-A0F7-14878489DD30}.Debug|x64.ActiveCfg = Debug|Any CPU
		{0532097C-F704-4983-A0F7-14878489DD30}.Debug|x64.Build.0 = Debug|Any CPU
		{0532097C-F704-4983-A0F7-14878489DD30}.Debug|x86.ActiveCfg = Debug|Any CPU
		{0532097C-F704-4983-A0F7-14878489DD30}.Debug|x86.Build.0 = Debug|Any CPU
		{0532097C-F704-4983-A0F7-14878489DD30}.Release|Any CPU.ActiveCfg = Release|Any CPU
		{0532097C-F704-4983-A0F7-14878489DD30}.Release|Any CPU.Build.0 = Release|Any CPU
		{0532097C-F704-4983-A0F7-14878489DD30}.Release|x64.ActiveCfg = Release|Any CPU
		{0532097C-F704-4983-A0F7-14878489DD30}.Release|x64.Build.0 = Release|Any CPU
		{0532097C-F704-4983-A0F7-14878489DD30}.Release|x86.ActiveCfg = Release|Any CPU
		{0532097C-F704-4983-A0F7-14878489DD30}.Release|x86.Build.0 = Release|Any CPU
		{BBEA4F4F-F605-49CE-8016-E2CBB73C286F}.Debug|Any CPU.ActiveCfg = Debug|Any CPU
		{BBEA4F4F-F605-49CE-8016-E2CBB73C286F}.Debug|Any CPU.Build.0 = Debug|Any CPU
		{BBEA4F4F-F605-49CE-8016-E2CBB73C286F}.Debug|x64.ActiveCfg = Debug|Any CPU
		{BBEA4F4F-F605-49CE-8016-E2CBB73C286F}.Debug|x64.Build.0 = Debug|Any CPU
		{BBEA4F4F-F605-49CE-8016-E2CBB73C286F}.Debug|x86.ActiveCfg = Debug|Any CPU
		{BBEA4F4F-F605-49CE-8016-E2CBB73C286F}.Debug|x86.Build.0 = Debug|Any CPU
		{BBEA4F4F-F605-49CE-8016-E2CBB73C286F}.Release|Any CPU.ActiveCfg = Release|Any CPU
		{BBEA4F4F-F605-49CE-8016-E2CBB73C286F}.Release|Any CPU.Build.0 = Release|Any CPU
		{BBEA4F4F-F605-49CE-8016-E2CBB73C286F}.Release|x64.ActiveCfg = Release|Any CPU
		{BBEA4F4F-F605-49CE-8016-E2CBB73C286F}.Release|x64.Build.0 = Release|Any CPU
		{BBEA4F4F-F605-49CE-8016-E2CBB73C286F}.Release|x86.ActiveCfg = Release|Any CPU
		{BBEA4F4F-F605-49CE-8016-E2CBB73C286F}.Release|x86.Build.0 = Release|Any CPU
		{E3E3E5D8-1F3E-4B9E-AF31-9982859F3DEB}.Debug|Any CPU.ActiveCfg = Debug|Any CPU
		{E3E3E5D8-1F3E-4B9E-AF31-9982859F3DEB}.Debug|Any CPU.Build.0 = Debug|Any CPU
		{E3E3E5D8-1F3E-4B9E-AF31-9982859F3DEB}.Debug|x64.ActiveCfg = Debug|Any CPU
		{E3E3E5D8-1F3E-4B9E-AF31-9982859F3DEB}.Debug|x64.Build.0 = Debug|Any CPU
		{E3E3E5D8-1F3E-4B9E-AF31-9982859F3DEB}.Debug|x86.ActiveCfg = Debug|Any CPU
		{E3E3E5D8-1F3E-4B9E-AF31-9982859F3DEB}.Debug|x86.Build.0 = Debug|Any CPU
		{E3E3E5D8-1F3E-4B9E-AF31-9982859F3DEB}.Release|Any CPU.ActiveCfg = Release|Any CPU
		{E3E3E5D8-1F3E-4B9E-AF31-9982859F3DEB}.Release|Any CPU.Build.0 = Release|Any CPU
		{E3E3E5D8-1F3E-4B9E-AF31-9982859F3DEB}.Release|x64.ActiveCfg = Release|Any CPU
		{E3E3E5D8-1F3E-4B9E-AF31-9982859F3DEB}.Release|x64.Build.0 = Release|Any CPU
		{E3E3E5D8-1F3E-4B9E-AF31-9982859F3DEB}.Release|x86.ActiveCfg = Release|Any CPU
		{E3E3E5D8-1F3E-4B9E-AF31-9982859F3DEB}.Release|x86.Build.0 = Release|Any CPU
		{B8DD2951-DCFF-42FF-B206-9AFA69134790}.Debug|Any CPU.ActiveCfg = Debug|Any CPU
		{B8DD2951-DCFF-42FF-B206-9AFA69134790}.Debug|Any CPU.Build.0 = Debug|Any CPU
		{B8DD2951-DCFF-42FF-B206-9AFA69134790}.Debug|x64.ActiveCfg = Debug|Any CPU
		{B8DD2951-DCFF-42FF-B206-9AFA69134790}.Debug|x64.Build.0 = Debug|Any CPU
		{B8DD2951-DCFF-42FF-B206-9AFA69134790}.Debug|x86.ActiveCfg = Debug|Any CPU
		{B8DD2951-DCFF-42FF-B206-9AFA69134790}.Debug|x86.Build.0 = Debug|Any CPU
		{B8DD2951-DCFF-42FF-B206-9AFA69134790}.Release|Any CPU.ActiveCfg = Release|Any CPU
		{B8DD2951-DCFF-42FF-B206-9AFA69134790}.Release|Any CPU.Build.0 = Release|Any CPU
		{B8DD2951-DCFF-42FF-B206-9AFA69134790}.Release|x64.ActiveCfg = Release|Any CPU
		{B8DD2951-DCFF-42FF-B206-9AFA69134790}.Release|x64.Build.0 = Release|Any CPU
		{B8DD2951-DCFF-42FF-B206-9AFA69134790}.Release|x86.ActiveCfg = Release|Any CPU
		{B8DD2951-DCFF-42FF-B206-9AFA69134790}.Release|x86.Build.0 = Release|Any CPU
	EndGlobalSection
	GlobalSection(SolutionProperties) = preSolution
		HideSolutionNode = FALSE
	EndGlobalSection
	GlobalSection(NestedProjects) = preSolution
		{A3D51CDE-63A5-4AE3-9740-14AA17B4F8D0} = {827E0CD3-B72D-47B6-A68D-7590B98EB39B}
		{EF77E6CD-21B3-4BE7-BB95-DA4D35C403D9} = {827E0CD3-B72D-47B6-A68D-7590B98EB39B}
		{7579B100-FE84-4EF2-AFCE-80199FE9B293} = {827E0CD3-B72D-47B6-A68D-7590B98EB39B}
		{D6744B19-9F76-4B32-AD03-F66E38AC4049} = {827E0CD3-B72D-47B6-A68D-7590B98EB39B}
		{F202263E-9904-48D6-A4B3-5DC011937E95} = {0C88DD14-F956-CE84-757C-A364CCF449FC}
		{C4174C4E-5440-4C92-B5B1-6C0256A49D5F} = {0C88DD14-F956-CE84-757C-A364CCF449FC}
		{0532097C-F704-4983-A0F7-14878489DD30} = {0C88DD14-F956-CE84-757C-A364CCF449FC}
		{BBEA4F4F-F605-49CE-8016-E2CBB73C286F} = {0C88DD14-F956-CE84-757C-A364CCF449FC}
		{E3E3E5D8-1F3E-4B9E-AF31-9982859F3DEB} = {0C88DD14-F956-CE84-757C-A364CCF449FC}
		{B8DD2951-DCFF-42FF-B206-9AFA69134790} = {0C88DD14-F956-CE84-757C-A364CCF449FC}
	EndGlobalSection
	GlobalSection(ExtensibilityGlobals) = postSolution
		SolutionGuid = {FCCDADAC-D599-473F-84F1-51DBDD6CBF89}
	EndGlobalSection
EndGlobal
